
Microsoft Visual Studio Solution File, Format Version 12.00
# Visual Studio Version 16
VisualStudioVersion = 16.0.33801.447
MinimumVisualStudioVersion = 10.0.40219.1
Project("{FAE04EC0-301F-11D3-BF4B-00C04F79EFBC}") = "Ploskost'popolam", "Ploskost'popolam.csproj", "{F51DA646-D9CC-479C-BB43-6397E9C08A9D}"
EndProject
Global
	GlobalSection(SolutionConfigurationPlatforms) = preSolution
		Debug|Any CPU = Debug|Any CPU
		Release|Any CPU = Release|Any CPU
	EndGlobalSection
	GlobalSection(ProjectConfigurationPlatforms) = postSolution
		{F51DA646-D9CC-479C-BB43-6397E9C08A9D}.Debug|Any CPU.ActiveCfg = Debug|Any CPU
		{F51DA646-D9CC-479C-BB43-6397E9C08A9D}.Debug|Any CPU.Build.0 = Debug|Any CPU
		{F51DA646-D9CC-479C-BB43-6397E9C08A9D}.Release|Any CPU.ActiveCfg = Release|Any CPU
		{F51DA646-D9CC-479C-BB43-6397E9C08A9D}.Release|Any CPU.Build.0 = Release|Any CPU
	EndGlobalSection
	GlobalSection(SolutionProperties) = preSolution
		HideSolutionNode = FALSE
	EndGlobalSection
	GlobalSection(ExtensibilityGlobals) = postSolution
		SolutionGuid = {0F14AD3A-65CE-41EC-B3D8-D803A3580172}
	EndGlobalSection
EndGlobal
